
Microsoft Visual Studio Solution File, Format Version 12.00
# Visual Studio 15
VisualStudioVersion = 15.0.28307.779
MinimumVisualStudioVersion = 10.0.40219.1
Project("{FAE04EC0-301F-11D3-BF4B-00C04F79EFBC}") = "RateLimiter", "RateLimiter\RateLimiter.csproj", "{3070368F-9AB8-4862-AAAB-94D2D5382BA6}"
EndProject
Project("{FAE04EC0-301F-11D3-BF4B-00C04F79EFBC}") = "RateLimiter.Tests", "RateLimiter.Tests\RateLimiter.Tests.csproj", "{A2F998D8-5BCA-4216-BADD-506B2E5F453E}"
EndProject
Global
	GlobalSection(SolutionConfigurationPlatforms) = preSolution
		Debug|Any CPU = Debug|Any CPU
		Release|Any CPU = Release|Any CPU
	EndGlobalSection
	GlobalSection(ProjectConfigurationPlatforms) = postSolution
		{3070368F-9AB8-4862-AAAB-94D2D5382BA6}.Debug|Any CPU.ActiveCfg = Debug|Any CPU
		{3070368F-9AB8-4862-AAAB-94D2D5382BA6}.Debug|Any CPU.Build.0 = Debug|Any CPU
		{3070368F-9AB8-4862-AAAB-94D2D5382BA6}.Release|Any CPU.ActiveCfg = Release|Any CPU
		{3070368F-9AB8-4862-AAAB-94D2D5382BA6}.Release|Any CPU.Build.0 = Release|Any CPU
		{A2F998D8-5BCA-4216-BADD-506B2E5F453E}.Debug|Any CPU.ActiveCfg = Debug|Any CPU
		{A2F998D8-5BCA-4216-BADD-506B2E5F453E}.Debug|Any CPU.Build.0 = Debug|Any CPU
		{A2F998D8-5BCA-4216-BADD-506B2E5F453E}.Release|Any CPU.ActiveCfg = Release|Any CPU
		{A2F998D8-5BCA-4216-BADD-506B2E5F453E}.Release|Any CPU.Build.0 = Release|Any CPU
	EndGlobalSection
	GlobalSection(SolutionProperties) = preSolution
		HideSolutionNode = FALSE
	EndGlobalSection
	GlobalSection(ExtensibilityGlobals) = postSolution
		SolutionGuid = {EDB3E37D-CAF6-46D5-8AC3-6071AB12CAE1}
	EndGlobalSection
EndGlobal
